<Solution>
  <Configurations>
    <BuildType Name="Debug" />
    <BuildType Name="Release" />
    <BuildType Name="Release_Server" />
    <Platform Name="Any CPU" />
    <Platform Name="x64" />
    <Platform Name="x86" />
  </Configurations>
  <Folder Name="/Booking/">
    <Project Path="CloudBooking.Tests/CloudBooking.Tests.csproj">
      <BuildType Solution="Release_Server|*" Project="Debug" />
    </Project>
    <Project Path="CloudBooking/CloudBooking.csproj">
      <BuildType Solution="Release_Server|*" Project="Debug" />
    </Project>
  </Folder>
  <Folder Name="/Commerce/">
    <Project Path="CloudCommerce.Components/CloudCommerce.Components.csproj">
      <BuildType Solution="Release_Server|*" Project="Debug" />
    </Project>
    <Project Path="CloudCommerce.Demo.Tests/CloudCommerce.Demo.Tests.csproj">
      <BuildType Solution="Release_Server|*" Project="Debug" />
    </Project>
    <Project Path="CloudCommerce.Demo/CloudCommerce.Demo.csproj">
      <BuildType Solution="Release_Server|*" Project="Debug" />
    </Project>
    <Project Path="CloudCommerce.Tests/CloudCommerce.Tests.csproj">
      <BuildType Solution="Release_Server|*" Project="Debug" />
    </Project>
    <Project Path="CloudCommerce/CloudCommerce.csproj">
      <BuildType Solution="Release_Server|*" Project="Debug" />
    </Project>
  </Folder>
  <Folder Name="/Logistics/">
    <Project Path="CloudLogistics.Aramex/CloudLogistics.Aramex.csproj">
      <BuildType Solution="Release_Server|*" Project="Debug" />
    </Project>
    <Project Path="CloudLogistics.DhlExpress/CloudLogistics.DhlExpress.csproj">
      <BuildType Solution="Release_Server|*" Project="Debug" />
    </Project>
    <Project Path="CloudLogistics.FedEx/CloudLogistics.FedEx.csproj">
      <BuildType Solution="Release_Server|*" Project="Debug" />
    </Project>
    <Project Path="CloudLogistics.Providers.Tests/CloudLogistics.Providers.Tests.csproj">
      <BuildType Solution="Release_Server|*" Project="Debug" />
    </Project>
    <Project Path="CloudLogistics.Tests/CloudLogistics.Tests.csproj">
      <BuildType Solution="Release_Server|*" Project="Debug" />
    </Project>
    <Project Path="CloudLogistics/CloudLogistics.csproj">
      <BuildType Solution="Release_Server|*" Project="Debug" />
    </Project>
  </Folder>
  <Folder Name="/Payments/">
    <Project Path="CloudPayments.Adyen/CloudPayments.Adyen.csproj">
      <BuildType Solution="Release_Server|*" Project="Debug" />
    </Project>
    <Project Path="CloudPayments.MyFatoorah/CloudPayments.MyFatoorah.csproj">
      <BuildType Solution="Release_Server|*" Project="Debug" />
    </Project>
    <Project Path="CloudPayments.PayPal/CloudPayments.PayPal.csproj">
      <BuildType Solution="Release_Server|*" Project="Debug" />
    </Project>
    <Project Path="CloudPayments.PayTabs/CloudPayments.PayTabs.csproj">
      <BuildType Solution="Release_Server|*" Project="Debug" />
    </Project>
    <Project Path="CloudPayments.Providers.Tests/CloudPayments.Providers.Tests.csproj">
      <BuildType Solution="Release_Server|*" Project="Debug" />
    </Project>
    <Project Path="CloudPayments.SkipCash/CloudPayments.SkipCash.csproj">
      <BuildType Solution="Release_Server|*" Project="Debug" />
    </Project>
    <Project Path="CloudPayments.Stripe/CloudPayments.Stripe.csproj">
      <BuildType Solution="Release_Server|*" Project="Debug" />
    </Project>
    <Project Path="CloudPayments.Tap/CloudPayments.Tap.csproj">
      <BuildType Solution="Release_Server|*" Project="Debug" />
    </Project>
    <Project Path="CloudPayments.Tests/CloudPayments.Tests.csproj">
      <BuildType Solution="Release_Server|*" Project="Debug" />
    </Project>
    <Project Path="CloudPayments/CloudPayments.csproj">
      <BuildType Solution="Release_Server|*" Project="Debug" />
    </Project>
  </Folder>
  <Folder Name="/Solution Items/">
    <File Path="README.md" />
  </Folder>
</Solution>
